
Microsoft Visual Studio Solution File, Format Version 12.00
# Visual Studio 15
VisualStudioVersion = 15.0.27428.2015
MinimumVisualStudioVersion = 10.0.40219.1
Project("{FAE04EC0-301F-11D3-BF4B-00C04F79EFBC}") = "ft8push", "ft8push\ft8push.csproj", "{3637C2A3-B45B-44AF-AF8A-F9B3CEC4F9CB}"
EndProject
Global
	GlobalSection(SolutionConfigurationPlatforms) = preSolution
		Debug|Any CPU = Debug|Any CPU
		Release|Any CPU = Release|Any CPU
	EndGlobalSection
	GlobalSection(ProjectConfigurationPlatforms) = postSolution
		{3637C2A3-B45B-44AF-AF8A-F9B3CEC4F9CB}.Debug|Any CPU.ActiveCfg = Debug|Any CPU
		{3637C2A3-B45B-44AF-AF8A-F9B3CEC4F9CB}.Debug|Any CPU.Build.0 = Debug|Any CPU
		{3637C2A3-B45B-44AF-AF8A-F9B3CEC4F9CB}.Release|Any CPU.ActiveCfg = Release|Any CPU
		{3637C2A3-B45B-44AF-AF8A-F9B3CEC4F9CB}.Release|Any CPU.Build.0 = Release|Any CPU
	EndGlobalSection
	GlobalSection(SolutionProperties) = preSolution
		HideSolutionNode = FALSE
	EndGlobalSection
	GlobalSection(ExtensibilityGlobals) = postSolution
		SolutionGuid = {677DFB62-791B-4522-AF89-7DDA98CA4178}
	EndGlobalSection
EndGlobal
